// !$*UTF8*$!
{
	archiveVersion = 1;
	classes = {
	};
	objectVersion = 46;
	objects = {

/* Begin PBXBuildFile section */
		04594DF91D599695007AAAB6 /* EnterCodeViewController.m in Sources */ = {isa = PBXBuildFile; fileRef = 04594DF81D599695007AAAB6 /* EnterCodeViewController.m */; };
		04594DFD1D5A8C04007AAAB6 /* CountDownViewController.m in Sources */ = {isa = PBXBuildFile; fileRef = 04594DFC1D5A8C04007AAAB6 /* CountDownViewController.m */; };
		048DB9461D53F65900604726 /* SetupViewController.m in Sources */ = {isa = PBXBuildFile; fileRef = 048DB9451D53F65900604726 /* SetupViewController.m */; };
		048DB9491D54015C00604726 /* PlayfieldViewController.m in Sources */ = {isa = PBXBuildFile; fileRef = 048DB9481D54015C00604726 /* PlayfieldViewController.m */; };
		048DB94C1D5403FE00604726 /* SummaryViewController.m in Sources */ = {isa = PBXBuildFile; fileRef = 048DB94B1D5403FE00604726 /* SummaryViewController.m */; };
		048DB94F1D553B0700604726 /* Waiting.storyboard in Resources */ = {isa = PBXBuildFile; fileRef = 048DB94E1D553B0700604726 /* Waiting.storyboard */; };
		048DB9521D5544EE00604726 /* WaitPageViewController.m in Sources */ = {isa = PBXBuildFile; fileRef = 048DB9511D5544EE00604726 /* WaitPageViewController.m */; };
		4C7D75F21D53389C00932D3A /* main.m in Sources */ = {isa = PBXBuildFile; fileRef = 4C7D75F11D53389C00932D3A /* main.m */; };
		4C7D75F51D53389C00932D3A /* AppDelegate.m in Sources */ = {isa = PBXBuildFile; fileRef = 4C7D75F41D53389C00932D3A /* AppDelegate.m */; };
		4C7D75F81D53389C00932D3A /* ViewController.m in Sources */ = {isa = PBXBuildFile; fileRef = 4C7D75F71D53389C00932D3A /* ViewController.m */; };
		4C7D75FB1D53389D00932D3A /* Main.storyboard in Resources */ = {isa = PBXBuildFile; fileRef = 4C7D75F91D53389D00932D3A /* Main.storyboard */; };
		4C7D75FD1D53389D00932D3A /* Assets.xcassets in Resources */ = {isa = PBXBuildFile; fileRef = 4C7D75FC1D53389D00932D3A /* Assets.xcassets */; };
		4C7D76001D53389D00932D3A /* LaunchScreen.storyboard in Resources */ = {isa = PBXBuildFile; fileRef = 4C7D75FE1D53389D00932D3A /* LaunchScreen.storyboard */; };
		4C7D76091D533CDE00932D3A /* Bolts.framework in Frameworks */ = {isa = PBXBuildFile; fileRef = 4C7D76071D533CDE00932D3A /* Bolts.framework */; };
		4C7D760A1D533CDE00932D3A /* Parse.framework in Frameworks */ = {isa = PBXBuildFile; fileRef = 4C7D76081D533CDE00932D3A /* Parse.framework */; };
		4C7D760E1D533D5200932D3A /* Bolts.framework in CopyFiles */ = {isa = PBXBuildFile; fileRef = 4C7D76071D533CDE00932D3A /* Bolts.framework */; settings = {ATTRIBUTES = (CodeSignOnCopy, RemoveHeadersOnCopy, ); }; };
		4C7D760F1D533D5200932D3A /* Parse.framework in CopyFiles */ = {isa = PBXBuildFile; fileRef = 4C7D76081D533CDE00932D3A /* Parse.framework */; settings = {ATTRIBUTES = (CodeSignOnCopy, RemoveHeadersOnCopy, ); }; };
		4C7D76111D534C6D00932D3A /* ParseUI.framework in Frameworks */ = {isa = PBXBuildFile; fileRef = 4C7D76101D534C6D00932D3A /* ParseUI.framework */; };
		4C7D76121D534D5600932D3A /* ParseUI.framework in CopyFiles */ = {isa = PBXBuildFile; fileRef = 4C7D76101D534C6D00932D3A /* ParseUI.framework */; settings = {ATTRIBUTES = (CodeSignOnCopy, RemoveHeadersOnCopy, ); }; };
		4C7D76141D53F5E400932D3A /* Join.storyboard in Resources */ = {isa = PBXBuildFile; fileRef = 4C7D76131D53F5E400932D3A /* Join.storyboard */; };
		4C7D76171D53FA1700932D3A /* ProgressListViewController.m in Sources */ = {isa = PBXBuildFile; fileRef = 4C7D76161D53FA1700932D3A /* ProgressListViewController.m */; };
		4C7D761C1D53FD8B00932D3A /* Quest.m in Sources */ = {isa = PBXBuildFile; fileRef = 4C7D761B1D53FD8B00932D3A /* Quest.m */; };
		4C7D761F1D5400A900932D3A /* Player.m in Sources */ = {isa = PBXBuildFile; fileRef = 4C7D761E1D5400A900932D3A /* Player.m */; };
		4C7D76221D54033900932D3A /* Playfield.m in Sources */ = {isa = PBXBuildFile; fileRef = 4C7D76211D54033900932D3A /* Playfield.m */; };
		4C7D76251D54044F00932D3A /* Route.m in Sources */ = {isa = PBXBuildFile; fileRef = 4C7D76241D54044F00932D3A /* Route.m */; };
		4C7D76351D5546F700932D3A /* Objective.m in Sources */ = {isa = PBXBuildFile; fileRef = 4C7D76341D5546F700932D3A /* Objective.m */; };
		4C7D76381D55A7D800932D3A /* MapViewController.m in Sources */ = {isa = PBXBuildFile; fileRef = 4C7D76371D55A7D800932D3A /* MapViewController.m */; };
		4C7D763B1D55A7E700932D3A /* LeaderBoardViewController.m in Sources */ = {isa = PBXBuildFile; fileRef = 4C7D763A1D55A7E700932D3A /* LeaderBoardViewController.m */; };
		4CBE87A81D55B8DE0034F19A /* MapKit.framework in Frameworks */ = {isa = PBXBuildFile; fileRef = 4CBE87A71D55B8DE0034F19A /* MapKit.framework */; };
		4CBE87AB1D55BC8F0034F19A /* LocationController.m in Sources */ = {isa = PBXBuildFile; fileRef = 4CBE87AA1D55BC8F0034F19A /* LocationController.m */; };
		6958E99D1D5B193000510ADC /* MessageUI.framework in Frameworks */ = {isa = PBXBuildFile; fileRef = 6958E99C1D5B193000510ADC /* MessageUI.framework */; };
		699942FF1D5BC78A00735F9F /* TabBarViewController.m in Sources */ = {isa = PBXBuildFile; fileRef = 699942FE1D5BC78A00735F9F /* TabBarViewController.m */; };
		699943011D5BF76600735F9F /* AudioToolbox.framework in Frameworks */ = {isa = PBXBuildFile; fileRef = 699943001D5BF76600735F9F /* AudioToolbox.framework */; };
		8BF2B1D41D567CBD0071DE20 /* JSONParser.m in Sources */ = {isa = PBXBuildFile; fileRef = 8BF2B1D31D567CBD0071DE20 /* JSONParser.m */; };
		8BF2B1D71D567DC10071DE20 /* FoursquareAPI.m in Sources */ = {isa = PBXBuildFile; fileRef = 8BF2B1D61D567DC10071DE20 /* FoursquareAPI.m */; };
		8BF2B1D91D56A0F70071DE20 /* AFNetworking.framework in Frameworks */ = {isa = PBXBuildFile; fileRef = 8BF2B1D81D56A0F70071DE20 /* AFNetworking.framework */; };
		8BF2B1DA1D56A16E0071DE20 /* AFNetworking.framework in CopyFiles */ = {isa = PBXBuildFile; fileRef = 8BF2B1D81D56A0F70071DE20 /* AFNetworking.framework */; settings = {ATTRIBUTES = (CodeSignOnCopy, RemoveHeadersOnCopy, ); }; };
/* End PBXBuildFile section */

/* Begin PBXCopyFilesBuildPhase section */
		4C7D760B1D533CF000932D3A /* CopyFiles */ = {
			isa = PBXCopyFilesBuildPhase;
			buildActionMask = 2147483647;
			dstPath = "";
			dstSubfolderSpec = 10;
			files = (
				8BF2B1DA1D56A16E0071DE20 /* AFNetworking.framework in CopyFiles */,
				4C7D76121D534D5600932D3A /* ParseUI.framework in CopyFiles */,
				4C7D760E1D533D5200932D3A /* Bolts.framework in CopyFiles */,
				4C7D760F1D533D5200932D3A /* Parse.framework in CopyFiles */,
			);
			runOnlyForDeploymentPostprocessing = 0;
		};
/* End PBXCopyFilesBuildPhase section */

/* Begin PBXFileReference section */
		04594DF71D599695007AAAB6 /* EnterCodeViewController.h */ = {isa = PBXFileReference; fileEncoding = 4; lastKnownFileType = sourcecode.c.h; path = EnterCodeViewController.h; sourceTree = "<group>"; };
		04594DF81D599695007AAAB6 /* EnterCodeViewController.m */ = {isa = PBXFileReference; fileEncoding = 4; lastKnownFileType = sourcecode.c.objc; path = EnterCodeViewController.m; sourceTree = "<group>"; };
		04594DFB1D5A8C04007AAAB6 /* CountDownViewController.h */ = {isa = PBXFileReference; fileEncoding = 4; lastKnownFileType = sourcecode.c.h; path = CountDownViewController.h; sourceTree = "<group>"; };
		04594DFC1D5A8C04007AAAB6 /* CountDownViewController.m */ = {isa = PBXFileReference; fileEncoding = 4; lastKnownFileType = sourcecode.c.objc; path = CountDownViewController.m; sourceTree = "<group>"; };
		048DB9441D53F65900604726 /* SetupViewController.h */ = {isa = PBXFileReference; fileEncoding = 4; lastKnownFileType = sourcecode.c.h; path = SetupViewController.h; sourceTree = "<group>"; };
		048DB9451D53F65900604726 /* SetupViewController.m */ = {isa = PBXFileReference; fileEncoding = 4; lastKnownFileType = sourcecode.c.objc; path = SetupViewController.m; sourceTree = "<group>"; };
		048DB9471D54015C00604726 /* PlayfieldViewController.h */ = {isa = PBXFileReference; fileEncoding = 4; lastKnownFileType = sourcecode.c.h; path = PlayfieldViewController.h; sourceTree = "<group>"; };
		048DB9481D54015C00604726 /* PlayfieldViewController.m */ = {isa = PBXFileReference; fileEncoding = 4; lastKnownFileType = sourcecode.c.objc; path = PlayfieldViewController.m; sourceTree = "<group>"; };
		048DB94A1D5403FE00604726 /* SummaryViewController.h */ = {isa = PBXFileReference; fileEncoding = 4; lastKnownFileType = sourcecode.c.h; path = SummaryViewController.h; sourceTree = "<group>"; };
		048DB94B1D5403FE00604726 /* SummaryViewController.m */ = {isa = PBXFileReference; fileEncoding = 4; lastKnownFileType = sourcecode.c.objc; path = SummaryViewController.m; sourceTree = "<group>"; };
		048DB94E1D553B0700604726 /* Waiting.storyboard */ = {isa = PBXFileReference; fileEncoding = 4; lastKnownFileType = file.storyboard; path = Waiting.storyboard; sourceTree = "<group>"; };
		048DB9501D5544EE00604726 /* WaitPageViewController.h */ = {isa = PBXFileReference; fileEncoding = 4; lastKnownFileType = sourcecode.c.h; path = WaitPageViewController.h; sourceTree = "<group>"; };
		048DB9511D5544EE00604726 /* WaitPageViewController.m */ = {isa = PBXFileReference; fileEncoding = 4; lastKnownFileType = sourcecode.c.objc; path = WaitPageViewController.m; sourceTree = "<group>"; };
		4C7D75ED1D53389C00932D3A /* Treasure-Quest.app */ = {isa = PBXFileReference; explicitFileType = wrapper.application; includeInIndex = 0; path = "Treasure-Quest.app"; sourceTree = BUILT_PRODUCTS_DIR; };
		4C7D75F11D53389C00932D3A /* main.m */ = {isa = PBXFileReference; lastKnownFileType = sourcecode.c.objc; path = main.m; sourceTree = "<group>"; };
		4C7D75F31D53389C00932D3A /* AppDelegate.h */ = {isa = PBXFileReference; lastKnownFileType = sourcecode.c.h; path = AppDelegate.h; sourceTree = "<group>"; };
		4C7D75F41D53389C00932D3A /* AppDelegate.m */ = {isa = PBXFileReference; lastKnownFileType = sourcecode.c.objc; path = AppDelegate.m; sourceTree = "<group>"; };
		4C7D75F61D53389C00932D3A /* ViewController.h */ = {isa = PBXFileReference; lastKnownFileType = sourcecode.c.h; path = ViewController.h; sourceTree = "<group>"; };
		4C7D75F71D53389C00932D3A /* ViewController.m */ = {isa = PBXFileReference; lastKnownFileType = sourcecode.c.objc; path = ViewController.m; sourceTree = "<group>"; };
		4C7D75FA1D53389D00932D3A /* Base */ = {isa = PBXFileReference; lastKnownFileType = file.storyboard; name = Base; path = Base.lproj/Main.storyboard; sourceTree = "<group>"; };
		4C7D75FC1D53389D00932D3A /* Assets.xcassets */ = {isa = PBXFileReference; lastKnownFileType = folder.assetcatalog; path = Assets.xcassets; sourceTree = "<group>"; };
		4C7D75FF1D53389D00932D3A /* Base */ = {isa = PBXFileReference; lastKnownFileType = file.storyboard; name = Base; path = Base.lproj/LaunchScreen.storyboard; sourceTree = "<group>"; };
		4C7D76011D53389D00932D3A /* Info.plist */ = {isa = PBXFileReference; lastKnownFileType = text.plist.xml; path = Info.plist; sourceTree = "<group>"; };
		4C7D76071D533CDE00932D3A /* Bolts.framework */ = {isa = PBXFileReference; lastKnownFileType = wrapper.framework; name = Bolts.framework; path = Carthage/Build/iOS/Bolts.framework; sourceTree = "<group>"; };
		4C7D76081D533CDE00932D3A /* Parse.framework */ = {isa = PBXFileReference; lastKnownFileType = wrapper.framework; name = Parse.framework; path = Carthage/Build/iOS/Parse.framework; sourceTree = "<group>"; };
		4C7D76101D534C6D00932D3A /* ParseUI.framework */ = {isa = PBXFileReference; lastKnownFileType = wrapper.framework; path = ParseUI.framework; sourceTree = "<group>"; };
		4C7D76131D53F5E400932D3A /* Join.storyboard */ = {isa = PBXFileReference; fileEncoding = 4; lastKnownFileType = file.storyboard; path = Join.storyboard; sourceTree = "<group>"; };
		4C7D76151D53FA1700932D3A /* ProgressListViewController.h */ = {isa = PBXFileReference; fileEncoding = 4; lastKnownFileType = sourcecode.c.h; path = ProgressListViewController.h; sourceTree = "<group>"; };
		4C7D76161D53FA1700932D3A /* ProgressListViewController.m */ = {isa = PBXFileReference; fileEncoding = 4; lastKnownFileType = sourcecode.c.objc; path = ProgressListViewController.m; sourceTree = "<group>"; };
		4C7D761A1D53FD8B00932D3A /* Quest.h */ = {isa = PBXFileReference; fileEncoding = 4; lastKnownFileType = sourcecode.c.h; path = Quest.h; sourceTree = "<group>"; };
		4C7D761B1D53FD8B00932D3A /* Quest.m */ = {isa = PBXFileReference; fileEncoding = 4; lastKnownFileType = sourcecode.c.objc; path = Quest.m; sourceTree = "<group>"; };
		4C7D761D1D5400A900932D3A /* Player.h */ = {isa = PBXFileReference; fileEncoding = 4; lastKnownFileType = sourcecode.c.h; path = Player.h; sourceTree = "<group>"; };
		4C7D761E1D5400A900932D3A /* Player.m */ = {isa = PBXFileReference; fileEncoding = 4; lastKnownFileType = sourcecode.c.objc; path = Player.m; sourceTree = "<group>"; };
		4C7D76201D54033900932D3A /* Playfield.h */ = {isa = PBXFileReference; fileEncoding = 4; lastKnownFileType = sourcecode.c.h; path = Playfield.h; sourceTree = "<group>"; };
		4C7D76211D54033900932D3A /* Playfield.m */ = {isa = PBXFileReference; fileEncoding = 4; lastKnownFileType = sourcecode.c.objc; path = Playfield.m; sourceTree = "<group>"; };
		4C7D76231D54044F00932D3A /* Route.h */ = {isa = PBXFileReference; fileEncoding = 4; lastKnownFileType = sourcecode.c.h; path = Route.h; sourceTree = "<group>"; };
		4C7D76241D54044F00932D3A /* Route.m */ = {isa = PBXFileReference; fileEncoding = 4; lastKnownFileType = sourcecode.c.objc; path = Route.m; sourceTree = "<group>"; };
		4C7D76331D5546F700932D3A /* Objective.h */ = {isa = PBXFileReference; fileEncoding = 4; lastKnownFileType = sourcecode.c.h; path = Objective.h; sourceTree = "<group>"; };
		4C7D76341D5546F700932D3A /* Objective.m */ = {isa = PBXFileReference; fileEncoding = 4; lastKnownFileType = sourcecode.c.objc; path = Objective.m; sourceTree = "<group>"; };
		4C7D76361D55A7D800932D3A /* MapViewController.h */ = {isa = PBXFileReference; fileEncoding = 4; lastKnownFileType = sourcecode.c.h; path = MapViewController.h; sourceTree = "<group>"; };
		4C7D76371D55A7D800932D3A /* MapViewController.m */ = {isa = PBXFileReference; fileEncoding = 4; lastKnownFileType = sourcecode.c.objc; path = MapViewController.m; sourceTree = "<group>"; };
		4C7D76391D55A7E700932D3A /* LeaderBoardViewController.h */ = {isa = PBXFileReference; fileEncoding = 4; lastKnownFileType = sourcecode.c.h; path = LeaderBoardViewController.h; sourceTree = "<group>"; };
		4C7D763A1D55A7E700932D3A /* LeaderBoardViewController.m */ = {isa = PBXFileReference; fileEncoding = 4; lastKnownFileType = sourcecode.c.objc; path = LeaderBoardViewController.m; sourceTree = "<group>"; };
		4CBE87A71D55B8DE0034F19A /* MapKit.framework */ = {isa = PBXFileReference; lastKnownFileType = wrapper.framework; name = MapKit.framework; path = System/Library/Frameworks/MapKit.framework; sourceTree = SDKROOT; };
		4CBE87A91D55BC8F0034F19A /* LocationController.h */ = {isa = PBXFileReference; fileEncoding = 4; lastKnownFileType = sourcecode.c.h; path = LocationController.h; sourceTree = "<group>"; };
		4CBE87AA1D55BC8F0034F19A /* LocationController.m */ = {isa = PBXFileReference; fileEncoding = 4; lastKnownFileType = sourcecode.c.objc; path = LocationController.m; sourceTree = "<group>"; };
		6958E99C1D5B193000510ADC /* MessageUI.framework */ = {isa = PBXFileReference; lastKnownFileType = wrapper.framework; name = MessageUI.framework; path = System/Library/Frameworks/MessageUI.framework; sourceTree = SDKROOT; };
		699942FD1D5BC78A00735F9F /* TabBarViewController.h */ = {isa = PBXFileReference; fileEncoding = 4; lastKnownFileType = sourcecode.c.h; path = TabBarViewController.h; sourceTree = "<group>"; };
		699942FE1D5BC78A00735F9F /* TabBarViewController.m */ = {isa = PBXFileReference; fileEncoding = 4; lastKnownFileType = sourcecode.c.objc; path = TabBarViewController.m; sourceTree = "<group>"; };
		699943001D5BF76600735F9F /* AudioToolbox.framework */ = {isa = PBXFileReference; lastKnownFileType = wrapper.framework; name = AudioToolbox.framework; path = System/Library/Frameworks/AudioToolbox.framework; sourceTree = SDKROOT; };
		8BF2B1D21D567CBD0071DE20 /* JSONParser.h */ = {isa = PBXFileReference; fileEncoding = 4; lastKnownFileType = sourcecode.c.h; path = JSONParser.h; sourceTree = "<group>"; };
		8BF2B1D31D567CBD0071DE20 /* JSONParser.m */ = {isa = PBXFileReference; fileEncoding = 4; lastKnownFileType = sourcecode.c.objc; path = JSONParser.m; sourceTree = "<group>"; };
		8BF2B1D51D567DC10071DE20 /* FoursquareAPI.h */ = {isa = PBXFileReference; fileEncoding = 4; lastKnownFileType = sourcecode.c.h; path = FoursquareAPI.h; sourceTree = "<group>"; };
		8BF2B1D61D567DC10071DE20 /* FoursquareAPI.m */ = {isa = PBXFileReference; fileEncoding = 4; lastKnownFileType = sourcecode.c.objc; path = FoursquareAPI.m; sourceTree = "<group>"; };
		8BF2B1D81D56A0F70071DE20 /* AFNetworking.framework */ = {isa = PBXFileReference; lastKnownFileType = wrapper.framework; path = AFNetworking.framework; sourceTree = "<group>"; };
/* End PBXFileReference section */

/* Begin PBXFrameworksBuildPhase section */
		4C7D75EA1D53389C00932D3A /* Frameworks */ = {
			isa = PBXFrameworksBuildPhase;
			buildActionMask = 2147483647;
			files = (
				699943011D5BF76600735F9F /* AudioToolbox.framework in Frameworks */,
				6958E99D1D5B193000510ADC /* MessageUI.framework in Frameworks */,
				4C7D76111D534C6D00932D3A /* ParseUI.framework in Frameworks */,
				8BF2B1D91D56A0F70071DE20 /* AFNetworking.framework in Frameworks */,
				4C7D76091D533CDE00932D3A /* Bolts.framework in Frameworks */,
				4CBE87A81D55B8DE0034F19A /* MapKit.framework in Frameworks */,
				4C7D760A1D533CDE00932D3A /* Parse.framework in Frameworks */,
			);
			runOnlyForDeploymentPostprocessing = 0;
		};
/* End PBXFrameworksBuildPhase section */

/* Begin PBXGroup section */
		04594DFA1D5996A2007AAAB6 /* Controller */ = {
			isa = PBXGroup;
			children = (
				04594DFB1D5A8C04007AAAB6 /* CountDownViewController.h */,
				04594DFC1D5A8C04007AAAB6 /* CountDownViewController.m */,
				04594DF71D599695007AAAB6 /* EnterCodeViewController.h */,
				04594DF81D599695007AAAB6 /* EnterCodeViewController.m */,
				048DB9501D5544EE00604726 /* WaitPageViewController.h */,
				048DB9511D5544EE00604726 /* WaitPageViewController.m */,
			);
			name = Controller;
			sourceTree = "<group>";
		};
		048DB94D1D553AD600604726 /* Wait WorkFlow */ = {
			isa = PBXGroup;
			children = (
				048DB94E1D553B0700604726 /* Waiting.storyboard */,
				04594DFA1D5996A2007AAAB6 /* Controller */,
			);
			name = "Wait WorkFlow";
			sourceTree = "<group>";
		};
		4C7D75E41D53389C00932D3A = {
			isa = PBXGroup;
			children = (
				699943001D5BF76600735F9F /* AudioToolbox.framework */,
				6958E99C1D5B193000510ADC /* MessageUI.framework */,
				8BF2B1D81D56A0F70071DE20 /* AFNetworking.framework */,
				4CBE87A71D55B8DE0034F19A /* MapKit.framework */,
				4C7D76101D534C6D00932D3A /* ParseUI.framework */,
				4C7D76071D533CDE00932D3A /* Bolts.framework */,
				4C7D76081D533CDE00932D3A /* Parse.framework */,
				4C7D75EF1D53389C00932D3A /* Treasure-Quest */,
				4C7D75EE1D53389C00932D3A /* Products */,
			);
			sourceTree = "<group>";
		};
		4C7D75EE1D53389C00932D3A /* Products */ = {
			isa = PBXGroup;
			children = (
				4C7D75ED1D53389C00932D3A /* Treasure-Quest.app */,
			);
			name = Products;
			sourceTree = "<group>";
		};
		4C7D75EF1D53389C00932D3A /* Treasure-Quest */ = {
			isa = PBXGroup;
			children = (
				4C7D762A1D5525F900932D3A /* Shared */,
				4C7D76281D5525B700932D3A /* Create Workflow */,
				4C7D76181D53FA1C00932D3A /* Play Workflow */,
				048DB94D1D553AD600604726 /* Wait WorkFlow */,
				4C7D75F01D53389C00932D3A /* Supporting Files */,
			);
			path = "Treasure-Quest";
			sourceTree = "<group>";
		};
		4C7D75F01D53389C00932D3A /* Supporting Files */ = {
			isa = PBXGroup;
			children = (
				4C7D75F11D53389C00932D3A /* main.m */,
				8BF2B1D21D567CBD0071DE20 /* JSONParser.h */,
				8BF2B1D31D567CBD0071DE20 /* JSONParser.m */,
			);
			name = "Supporting Files";
			sourceTree = "<group>";
		};
		4C7D76181D53FA1C00932D3A /* Play Workflow */ = {
			isa = PBXGroup;
			children = (
				4C7D76321D55276A00932D3A /* Model */,
				4C7D75F71D53389C00932D3A /* ViewController.m */,
				4C7D76311D55276200932D3A /* View */,
				4C7D76191D53FAA700932D3A /* Controller */,
			);
			name = "Play Workflow";
			sourceTree = "<group>";
		};
		4C7D76191D53FAA700932D3A /* Controller */ = {
			isa = PBXGroup;
			children = (
				699942FD1D5BC78A00735F9F /* TabBarViewController.h */,
				699942FE1D5BC78A00735F9F /* TabBarViewController.m */,
				4C7D76151D53FA1700932D3A /* ProgressListViewController.h */,
				4C7D76161D53FA1700932D3A /* ProgressListViewController.m */,
				4C7D76361D55A7D800932D3A /* MapViewController.h */,
				4C7D76371D55A7D800932D3A /* MapViewController.m */,
				4C7D76391D55A7E700932D3A /* LeaderBoardViewController.h */,
				4C7D763A1D55A7E700932D3A /* LeaderBoardViewController.m */,
			);
			name = Controller;
			sourceTree = "<group>";
		};
		4C7D76261D55255200932D3A /* Model */ = {
			isa = PBXGroup;
			children = (
				4C7D76231D54044F00932D3A /* Route.h */,
				4C7D76241D54044F00932D3A /* Route.m */,
				4C7D761A1D53FD8B00932D3A /* Quest.h */,
				4C7D761B1D53FD8B00932D3A /* Quest.m */,
				4C7D76201D54033900932D3A /* Playfield.h */,
				4C7D76211D54033900932D3A /* Playfield.m */,
				4C7D761D1D5400A900932D3A /* Player.h */,
				4C7D761E1D5400A900932D3A /* Player.m */,
				4C7D76331D5546F700932D3A /* Objective.h */,
				4C7D76341D5546F700932D3A /* Objective.m */,
			);
			name = Model;
			sourceTree = "<group>";
		};
		4C7D76281D5525B700932D3A /* Create Workflow */ = {
			isa = PBXGroup;
			children = (
				4C7D762D1D55263200932D3A /* Model */,
				4C7D762C1D55262300932D3A /* View */,
				4C7D76291D5525DB00932D3A /* Controller */,
			);
			name = "Create Workflow";
			sourceTree = "<group>";
		};
		4C7D76291D5525DB00932D3A /* Controller */ = {
			isa = PBXGroup;
			children = (
				048DB9441D53F65900604726 /* SetupViewController.h */,
				048DB9451D53F65900604726 /* SetupViewController.m */,
				048DB9471D54015C00604726 /* PlayfieldViewController.h */,
				048DB9481D54015C00604726 /* PlayfieldViewController.m */,
				048DB94A1D5403FE00604726 /* SummaryViewController.h */,
				048DB94B1D5403FE00604726 /* SummaryViewController.m */,
			);
			name = Controller;
			sourceTree = "<group>";
		};
		4C7D762A1D5525F900932D3A /* Shared */ = {
			isa = PBXGroup;
			children = (
				4C7D76301D55274600932D3A /* View */,
				4C7D762E1D55271D00932D3A /* Utilities */,
				4C7D762F1D55272900932D3A /* App Global */,
				4C7D76261D55255200932D3A /* Model */,
				4C7D762B1D55261600932D3A /* Controller */,
			);
			name = Shared;
			sourceTree = "<group>";
		};
		4C7D762B1D55261600932D3A /* Controller */ = {
			isa = PBXGroup;
			children = (
				4C7D75F61D53389C00932D3A /* ViewController.h */,
			);
			name = Controller;
			sourceTree = "<group>";
		};
		4C7D762C1D55262300932D3A /* View */ = {
			isa = PBXGroup;
			children = (
				4C7D75F91D53389D00932D3A /* Main.storyboard */,
			);
			name = View;
			sourceTree = "<group>";
		};
		4C7D762D1D55263200932D3A /* Model */ = {
			isa = PBXGroup;
			children = (
				8BF2B1D51D567DC10071DE20 /* FoursquareAPI.h */,
				8BF2B1D61D567DC10071DE20 /* FoursquareAPI.m */,
			);
			name = Model;
			sourceTree = "<group>";
		};
		4C7D762E1D55271D00932D3A /* Utilities */ = {
			isa = PBXGroup;
			children = (
				4C7D75FC1D53389D00932D3A /* Assets.xcassets */,
				4C7D76011D53389D00932D3A /* Info.plist */,
			);
			name = Utilities;
			sourceTree = "<group>";
		};
		4C7D762F1D55272900932D3A /* App Global */ = {
			isa = PBXGroup;
			children = (
				4C7D75F31D53389C00932D3A /* AppDelegate.h */,
				4C7D75F41D53389C00932D3A /* AppDelegate.m */,
			);
			name = "App Global";
			sourceTree = "<group>";
		};
		4C7D76301D55274600932D3A /* View */ = {
			isa = PBXGroup;
			children = (
				4C7D75FE1D53389D00932D3A /* LaunchScreen.storyboard */,
			);
			name = View;
			sourceTree = "<group>";
		};
		4C7D76311D55276200932D3A /* View */ = {
			isa = PBXGroup;
			children = (
				4C7D76131D53F5E400932D3A /* Join.storyboard */,
			);
			name = View;
			sourceTree = "<group>";
		};
		4C7D76321D55276A00932D3A /* Model */ = {
			isa = PBXGroup;
			children = (
				4CBE87A91D55BC8F0034F19A /* LocationController.h */,
				4CBE87AA1D55BC8F0034F19A /* LocationController.m */,
			);
			name = Model;
			sourceTree = "<group>";
		};
/* End PBXGroup section */

/* Begin PBXNativeTarget section */
		4C7D75EC1D53389C00932D3A /* Treasure-Quest */ = {
			isa = PBXNativeTarget;
			buildConfigurationList = 4C7D76041D53389D00932D3A /* Build configuration list for PBXNativeTarget "Treasure-Quest" */;
			buildPhases = (
				4C7D75E91D53389C00932D3A /* Sources */,
				4C7D75EA1D53389C00932D3A /* Frameworks */,
				4C7D75EB1D53389C00932D3A /* Resources */,
				4C7D760B1D533CF000932D3A /* CopyFiles */,
			);
			buildRules = (
			);
			dependencies = (
			);
			name = "Treasure-Quest";
			productName = "Treasure-Quest";
			productReference = 4C7D75ED1D53389C00932D3A /* Treasure-Quest.app */;
			productType = "com.apple.product-type.application";
		};
/* End PBXNativeTarget section */

/* Begin PBXProject section */
		4C7D75E51D53389C00932D3A /* Project object */ = {
			isa = PBXProject;
			attributes = {
				LastUpgradeCheck = 0730;
				ORGANIZATIONNAME = "Michael Sweeney";
				TargetAttributes = {
					4C7D75EC1D53389C00932D3A = {
						CreatedOnToolsVersion = 7.3.1;
						DevelopmentTeam = 8ZT3NZA445;
						SystemCapabilities = {
							com.apple.Maps.iOS = {
								enabled = 1;
							};
							com.apple.Push = {
								enabled = 1;
							};
						};
					};
				};
			};
			buildConfigurationList = 4C7D75E81D53389C00932D3A /* Build configuration list for PBXProject "Treasure-Quest" */;
			compatibilityVersion = "Xcode 3.2";
			developmentRegion = English;
			hasScannedForEncodings = 0;
			knownRegions = (
				en,
				Base,
			);
			mainGroup = 4C7D75E41D53389C00932D3A;
			productRefGroup = 4C7D75EE1D53389C00932D3A /* Products */;
			projectDirPath = "";
			projectRoot = "";
			targets = (
				4C7D75EC1D53389C00932D3A /* Treasure-Quest */,
			);
		};
/* End PBXProject section */

/* Begin PBXResourcesBuildPhase section */
		4C7D75EB1D53389C00932D3A /* Resources */ = {
			isa = PBXResourcesBuildPhase;
			buildActionMask = 2147483647;
			files = (
				4C7D76001D53389D00932D3A /* LaunchScreen.storyboard in Resources */,
				4C7D75FD1D53389D00932D3A /* Assets.xcassets in Resources */,
				4C7D76141D53F5E400932D3A /* Join.storyboard in Resources */,
				4C7D75FB1D53389D00932D3A /* Main.storyboard in Resources */,
				048DB94F1D553B0700604726 /* Waiting.storyboard in Resources */,
			);
			runOnlyForDeploymentPostprocessing = 0;
		};
/* End PBXResourcesBuildPhase section */

/* Begin PBXSourcesBuildPhase section */
		4C7D75E91D53389C00932D3A /* Sources */ = {
			isa = PBXSourcesBuildPhase;
			buildActionMask = 2147483647;
			files = (
				4C7D76221D54033900932D3A /* Playfield.m in Sources */,
				4C7D76251D54044F00932D3A /* Route.m in Sources */,
				048DB9461D53F65900604726 /* SetupViewController.m in Sources */,
				8BF2B1D71D567DC10071DE20 /* FoursquareAPI.m in Sources */,
				4C7D75F81D53389C00932D3A /* ViewController.m in Sources */,
				048DB9521D5544EE00604726 /* WaitPageViewController.m in Sources */,
				4C7D761C1D53FD8B00932D3A /* Quest.m in Sources */,
				4CBE87AB1D55BC8F0034F19A /* LocationController.m in Sources */,
				4C7D75F51D53389C00932D3A /* AppDelegate.m in Sources */,
				4C7D763B1D55A7E700932D3A /* LeaderBoardViewController.m in Sources */,
				4C7D75F21D53389C00932D3A /* main.m in Sources */,
				4C7D76381D55A7D800932D3A /* MapViewController.m in Sources */,
				04594DFD1D5A8C04007AAAB6 /* CountDownViewController.m in Sources */,
				4C7D761F1D5400A900932D3A /* Player.m in Sources */,
				4C7D76171D53FA1700932D3A /* ProgressListViewController.m in Sources */,
				04594DF91D599695007AAAB6 /* EnterCodeViewController.m in Sources */,
				699942FF1D5BC78A00735F9F /* TabBarViewController.m in Sources */,
				4C7D76351D5546F700932D3A /* Objective.m in Sources */,
				048DB9491D54015C00604726 /* PlayfieldViewController.m in Sources */,
				8BF2B1D41D567CBD0071DE20 /* JSONParser.m in Sources */,
				048DB94C1D5403FE00604726 /* SummaryViewController.m in Sources */,
			);
			runOnlyForDeploymentPostprocessing = 0;
		};
/* End PBXSourcesBuildPhase section */

/* Begin PBXVariantGroup section */
		4C7D75F91D53389D00932D3A /* Main.storyboard */ = {
			isa = PBXVariantGroup;
			children = (
				4C7D75FA1D53389D00932D3A /* Base */,
			);
			name = Main.storyboard;
			sourceTree = "<group>";
		};
		4C7D75FE1D53389D00932D3A /* LaunchScreen.storyboard */ = {
			isa = PBXVariantGroup;
			children = (
				4C7D75FF1D53389D00932D3A /* Base */,
			);
			name = LaunchScreen.storyboard;
			sourceTree = "<group>";
		};
/* End PBXVariantGroup section */

/* Begin XCBuildConfiguration section */
		4C7D76021D53389D00932D3A /* Debug */ = {
			isa = XCBuildConfiguration;
			buildSettings = {
				ALWAYS_SEARCH_USER_PATHS = NO;
				CLANG_ANALYZER_NONNULL = YES;
				CLANG_CXX_LANGUAGE_STANDARD = "gnu++0x";
				CLANG_CXX_LIBRARY = "libc++";
				CLANG_ENABLE_MODULES = YES;
				CLANG_ENABLE_OBJC_ARC = YES;
				CLANG_WARN_BOOL_CONVERSION = YES;
				CLANG_WARN_CONSTANT_CONVERSION = YES;
				CLANG_WARN_DIRECT_OBJC_ISA_USAGE = YES_ERROR;
				CLANG_WARN_EMPTY_BODY = YES;
				CLANG_WARN_ENUM_CONVERSION = YES;
				CLANG_WARN_INT_CONVERSION = YES;
				CLANG_WARN_OBJC_ROOT_CLASS = YES_ERROR;
				CLANG_WARN_UNREACHABLE_CODE = YES;
				CLANG_WARN__DUPLICATE_METHOD_MATCH = YES;
				"CODE_SIGN_IDENTITY[sdk=iphoneos*]" = "iPhone Developer";
				COPY_PHASE_STRIP = NO;
				DEBUG_INFORMATION_FORMAT = dwarf;
				ENABLE_STRICT_OBJC_MSGSEND = YES;
				ENABLE_TESTABILITY = YES;
				GCC_C_LANGUAGE_STANDARD = gnu99;
				GCC_DYNAMIC_NO_PIC = NO;
				GCC_NO_COMMON_BLOCKS = YES;
				GCC_OPTIMIZATION_LEVEL = 0;
				GCC_PREPROCESSOR_DEFINITIONS = (
					"DEBUG=1",
					"$(inherited)",
				);
				GCC_WARN_64_TO_32_BIT_CONVERSION = YES;
				GCC_WARN_ABOUT_RETURN_TYPE = YES_ERROR;
				GCC_WARN_UNDECLARED_SELECTOR = YES;
				GCC_WARN_UNINITIALIZED_AUTOS = YES_AGGRESSIVE;
				GCC_WARN_UNUSED_FUNCTION = YES;
				GCC_WARN_UNUSED_VARIABLE = YES;
				IPHONEOS_DEPLOYMENT_TARGET = 9.3;
				MTL_ENABLE_DEBUG_INFO = YES;
				ONLY_ACTIVE_ARCH = YES;
				SDKROOT = iphoneos;
				TARGETED_DEVICE_FAMILY = "1,2";
			};
			name = Debug;
		};
		4C7D76031D53389D00932D3A /* Release */ = {
			isa = XCBuildConfiguration;
			buildSettings = {
				ALWAYS_SEARCH_USER_PATHS = NO;
				CLANG_ANALYZER_NONNULL = YES;
				CLANG_CXX_LANGUAGE_STANDARD = "gnu++0x";
				CLANG_CXX_LIBRARY = "libc++";
				CLANG_ENABLE_MODULES = YES;
				CLANG_ENABLE_OBJC_ARC = YES;
				CLANG_WARN_BOOL_CONVERSION = YES;
				CLANG_WARN_CONSTANT_CONVERSION = YES;
				CLANG_WARN_DIRECT_OBJC_ISA_USAGE = YES_ERROR;
				CLANG_WARN_EMPTY_BODY = YES;
				CLANG_WARN_ENUM_CONVERSION = YES;
				CLANG_WARN_INT_CONVERSION = YES;
				CLANG_WARN_OBJC_ROOT_CLASS = YES_ERROR;
				CLANG_WARN_UNREACHABLE_CODE = YES;
				CLANG_WARN__DUPLICATE_METHOD_MATCH = YES;
				"CODE_SIGN_IDENTITY[sdk=iphoneos*]" = "iPhone Developer";
				COPY_PHASE_STRIP = NO;
				DEBUG_INFORMATION_FORMAT = "dwarf-with-dsym";
				ENABLE_NS_ASSERTIONS = NO;
				ENABLE_STRICT_OBJC_MSGSEND = YES;
				GCC_C_LANGUAGE_STANDARD = gnu99;
				GCC_NO_COMMON_BLOCKS = YES;
				GCC_WARN_64_TO_32_BIT_CONVERSION = YES;
				GCC_WARN_ABOUT_RETURN_TYPE = YES_ERROR;
				GCC_WARN_UNDECLARED_SELECTOR = YES;
				GCC_WARN_UNINITIALIZED_AUTOS = YES_AGGRESSIVE;
				GCC_WARN_UNUSED_FUNCTION = YES;
				GCC_WARN_UNUSED_VARIABLE = YES;
				IPHONEOS_DEPLOYMENT_TARGET = 9.3;
				MTL_ENABLE_DEBUG_INFO = NO;
				SDKROOT = iphoneos;
				TARGETED_DEVICE_FAMILY = "1,2";
				VALIDATE_PRODUCT = YES;
			};
			name = Release;
		};
		4C7D76051D53389D00932D3A /* Debug */ = {
			isa = XCBuildConfiguration;
			buildSettings = {
				ASSETCATALOG_COMPILER_APPICON_NAME = AppIcon;
				CODE_SIGN_IDENTITY = "iPhone Developer";
				"CODE_SIGN_IDENTITY[sdk=iphoneos*]" = "iPhone Developer";
				FRAMEWORK_SEARCH_PATHS = (
					"$(inherited)",
					"$(PROJECT_DIR)/Carthage/Build/iOS",
					"$(PROJECT_DIR)",
				);
				INFOPLIST_FILE = "Treasure-Quest/Info.plist";
				LD_RUNPATH_SEARCH_PATHS = "$(inherited) @executable_path/Frameworks";
				PRODUCT_BUNDLE_IDENTIFIER = com.derekgraham.treasurequest;
				PRODUCT_NAME = "$(TARGET_NAME)";
				PROVISIONING_PROFILE = "";
			};
			name = Debug;
		};
		4C7D76061D53389D00932D3A /* Release */ = {
			isa = XCBuildConfiguration;
			buildSettings = {
				ASSETCATALOG_COMPILER_APPICON_NAME = AppIcon;
				CODE_SIGN_IDENTITY = "iPhone Developer";
				"CODE_SIGN_IDENTITY[sdk=iphoneos*]" = "iPhone Developer";
				FRAMEWORK_SEARCH_PATHS = (
					"$(inherited)",
					"$(PROJECT_DIR)/Carthage/Build/iOS",
					"$(PROJECT_DIR)",
				);
				INFOPLIST_FILE = "Treasure-Quest/Info.plist";
				LD_RUNPATH_SEARCH_PATHS = "$(inherited) @executable_path/Frameworks";
				PRODUCT_BUNDLE_IDENTIFIER = com.derekgraham.treasurequest;
				PRODUCT_NAME = "$(TARGET_NAME)";
				PROVISIONING_PROFILE = "";
			};
			name = Release;
		};
/* End XCBuildConfiguration section */

/* Begin XCConfigurationList section */
		4C7D75E81D53389C00932D3A /* Build configuration list for PBXProject "Treasure-Quest" */ = {
			isa = XCConfigurationList;
			buildConfigurations = (
				4C7D76021D53389D00932D3A /* Debug */,
				4C7D76031D53389D00932D3A /* Release */,
			);
			defaultConfigurationIsVisible = 0;
			defaultConfigurationName = Release;
		};
		4C7D76041D53389D00932D3A /* Build configuration list for PBXNativeTarget "Treasure-Quest" */ = {
			isa = XCConfigurationList;
			buildConfigurations = (
				4C7D76051D53389D00932D3A /* Debug */,
				4C7D76061D53389D00932D3A /* Release */,
			);
			defaultConfigurationIsVisible = 0;
			defaultConfigurationName = Release;
		};
/* End XCConfigurationList section */
	};
	rootObject = 4C7D75E51D53389C00932D3A /* Project object */;
}
